# This file is automatically @generated by Cargo.
# It is not intended for manual editing.
version = 4

[[package]]
name = "chessy"
version = "0.1.0"
source = "git+https://github.com/INDA26PlusPlus/tingxuan-chess#946654fa6edee9eca351f96cd265cd3cb2ede405"

[[package]]
name = "viggoskj-gui"
version = "0.1.0"
dependencies = [
 "chessy",
]
